
Microsoft Visual Studio Solution File, Format Version 12.00
# Visual Studio Version 17
VisualStudioVersion = 17.0.31903.59
MinimumVisualStudioVersion = 10.0.40219.1
Project("{2150E333-8FDC-42A3-9474-1A3956D46DE8}") = "7.Módulo (Testes Unitários)", "7.Módulo (Testes Unitários)", "{617A4788-1449-4C7B-9CD1-2205877CAF27}"
EndProject
Project("{FAE04EC0-301F-11D3-BF4B-00C04F79EFBC}") = "CalculadoraTestes", "7.Módulo (Testes Unitários)\CalculadoraTestes\CalculadoraTestes.csproj", "{A56AFCDF-5BC3-437F-B330-8157BB082BFF}"
EndProject
Project("{FAE04EC0-301F-11D3-BF4B-00C04F79EFBC}") = "Calculadora", "7.Módulo (Testes Unitários)\Calculadora\Calculadora.csproj", "{D8138C80-EF46-4243-A7AC-BEC28807E26A}"
EndProject
Global
	GlobalSection(SolutionConfigurationPlatforms) = preSolution
		Debug|Any CPU = Debug|Any CPU
		Release|Any CPU = Release|Any CPU
	EndGlobalSection
	GlobalSection(SolutionProperties) = preSolution
		HideSolutionNode = FALSE
	EndGlobalSection
	GlobalSection(ProjectConfigurationPlatforms) = postSolution
		{A56AFCDF-5BC3-437F-B330-8157BB082BFF}.Debug|Any CPU.ActiveCfg = Debug|Any CPU
		{A56AFCDF-5BC3-437F-B330-8157BB082BFF}.Debug|Any CPU.Build.0 = Debug|Any CPU
		{A56AFCDF-5BC3-437F-B330-8157BB082BFF}.Release|Any CPU.ActiveCfg = Release|Any CPU
		{A56AFCDF-5BC3-437F-B330-8157BB082BFF}.Release|Any CPU.Build.0 = Release|Any CPU
		{D8138C80-EF46-4243-A7AC-BEC28807E26A}.Debug|Any CPU.ActiveCfg = Debug|Any CPU
		{D8138C80-EF46-4243-A7AC-BEC28807E26A}.Debug|Any CPU.Build.0 = Debug|Any CPU
		{D8138C80-EF46-4243-A7AC-BEC28807E26A}.Release|Any CPU.ActiveCfg = Release|Any CPU
		{D8138C80-EF46-4243-A7AC-BEC28807E26A}.Release|Any CPU.Build.0 = Release|Any CPU
	EndGlobalSection
	GlobalSection(NestedProjects) = preSolution
		{A56AFCDF-5BC3-437F-B330-8157BB082BFF} = {617A4788-1449-4C7B-9CD1-2205877CAF27}
		{D8138C80-EF46-4243-A7AC-BEC28807E26A} = {617A4788-1449-4C7B-9CD1-2205877CAF27}
	EndGlobalSection
EndGlobal
