
Microsoft Visual Studio Solution File, Format Version 12.00
# Visual Studio Version 17
VisualStudioVersion = 17.0.31903.59
MinimumVisualStudioVersion = 10.0.40219.1
Project("{FAE04EC0-301F-11D3-BF4B-00C04F79EFBC}") = "_7Estruturas_de_repeticao", "_7Estruturas_de_repeticao\_7Estruturas_de_repeticao.csproj", "{1257434F-EA98-4858-9125-9EA164C53FA3}"
EndProject
Project("{FAE04EC0-301F-11D3-BF4B-00C04F79EFBC}") = "BibliotecaDeClasses", "BibliotecaDeClasses\BibliotecaDeClasses.csproj", "{1F94767F-CE07-4B85-8592-0951EB580B11}"
EndProject
Global
	GlobalSection(SolutionConfigurationPlatforms) = preSolution
		Debug|Any CPU = Debug|Any CPU
		Release|Any CPU = Release|Any CPU
	EndGlobalSection
	GlobalSection(SolutionProperties) = preSolution
		HideSolutionNode = FALSE
	EndGlobalSection
	GlobalSection(ProjectConfigurationPlatforms) = postSolution
		{1257434F-EA98-4858-9125-9EA164C53FA3}.Debug|Any CPU.ActiveCfg = Debug|Any CPU
		{1257434F-EA98-4858-9125-9EA164C53FA3}.Debug|Any CPU.Build.0 = Debug|Any CPU
		{1257434F-EA98-4858-9125-9EA164C53FA3}.Release|Any CPU.ActiveCfg = Release|Any CPU
		{1257434F-EA98-4858-9125-9EA164C53FA3}.Release|Any CPU.Build.0 = Release|Any CPU
		{1F94767F-CE07-4B85-8592-0951EB580B11}.Debug|Any CPU.ActiveCfg = Debug|Any CPU
		{1F94767F-CE07-4B85-8592-0951EB580B11}.Debug|Any CPU.Build.0 = Debug|Any CPU
		{1F94767F-CE07-4B85-8592-0951EB580B11}.Release|Any CPU.ActiveCfg = Release|Any CPU
		{1F94767F-CE07-4B85-8592-0951EB580B11}.Release|Any CPU.Build.0 = Release|Any CPU
	EndGlobalSection
EndGlobal
