
Microsoft Visual Studio Solution File, Format Version 12.00
# Visual Studio Version 17
VisualStudioVersion = 17.5.002.0
MinimumVisualStudioVersion = 10.0.40219.1
Project("{9A19103F-16F7-4668-BE54-9A1E7A4F7556}") = "2.Introdução as IDEs e Configuração de Ambiente .NET", "2.Introdução as IDEs e Configuração de Ambiente .NET\2.Introdução as IDEs e Configuração de Ambiente .NET.csproj", "{B6A155BE-2594-4415-B5B0-47D52AECA9D1}"
EndProject
Global
	GlobalSection(SolutionConfigurationPlatforms) = preSolution
		Debug|Any CPU = Debug|Any CPU
		Release|Any CPU = Release|Any CPU
	EndGlobalSection
	GlobalSection(ProjectConfigurationPlatforms) = postSolution
		{B6A155BE-2594-4415-B5B0-47D52AECA9D1}.Debug|Any CPU.ActiveCfg = Debug|Any CPU
		{B6A155BE-2594-4415-B5B0-47D52AECA9D1}.Debug|Any CPU.Build.0 = Debug|Any CPU
		{B6A155BE-2594-4415-B5B0-47D52AECA9D1}.Release|Any CPU.ActiveCfg = Release|Any CPU
		{B6A155BE-2594-4415-B5B0-47D52AECA9D1}.Release|Any CPU.Build.0 = Release|Any CPU
	EndGlobalSection
	GlobalSection(SolutionProperties) = preSolution
		HideSolutionNode = FALSE
	EndGlobalSection
	GlobalSection(ExtensibilityGlobals) = postSolution
		SolutionGuid = {C62F23C4-8319-4CAF-8E9C-2DF314B2860F}
	EndGlobalSection
EndGlobal
